
Microsoft Visual Studio Solution File, Format Version 12.00
# Visual Studio 15
VisualStudioVersion = 15.0.28010.2016
MinimumVisualStudioVersion = 10.0.40219.1
Project("{FAE04EC0-301F-11D3-BF4B-00C04F79EFBC}") = "classwork 031819 git", "classwork 031819 git\classwork 031819 git.csproj", "{0794493B-CB32-426F-BB05-9C354ABC7FAE}"
EndProject
Global
	GlobalSection(SolutionConfigurationPlatforms) = preSolution
		Debug|Any CPU = Debug|Any CPU
		Release|Any CPU = Release|Any CPU
	EndGlobalSection
	GlobalSection(ProjectConfigurationPlatforms) = postSolution
		{0794493B-CB32-426F-BB05-9C354ABC7FAE}.Debug|Any CPU.ActiveCfg = Debug|Any CPU
		{0794493B-CB32-426F-BB05-9C354ABC7FAE}.Debug|Any CPU.Build.0 = Debug|Any CPU
		{0794493B-CB32-426F-BB05-9C354ABC7FAE}.Release|Any CPU.ActiveCfg = Release|Any CPU
		{0794493B-CB32-426F-BB05-9C354ABC7FAE}.Release|Any CPU.Build.0 = Release|Any CPU
	EndGlobalSection
	GlobalSection(SolutionProperties) = preSolution
		HideSolutionNode = FALSE
	EndGlobalSection
	GlobalSection(ExtensibilityGlobals) = postSolution
		SolutionGuid = {049717DD-D437-46D7-99B5-91E794A6F50F}
	EndGlobalSection
EndGlobal
